
Microsoft Visual Studio Solution File, Format Version 12.00
# Visual Studio Version 18
VisualStudioVersion = 18.3.11312.210 d18.3
MinimumVisualStudioVersion = 10.0.40219.1
Project("{FAE04EC0-301F-11D3-BF4B-00C04F79EFBC}") = "As426.AfFS.Core", "As426.AfFS.Core\As426.AfFS.Core.csproj", "{3724FE0C-F1AC-441A-B4A6-8CCAF1D5FF1E}"
EndProject
Project("{FAE04EC0-301F-11D3-BF4B-00C04F79EFBC}") = "As426.AfFS.Tests", "As426.AfFS.Tests\As426.AfFS.Tests.csproj", "{E7235277-0E69-4027-8707-EB9A67162F97}"
EndProject
Project("{FAE04EC0-301F-11D3-BF4B-00C04F79EFBC}") = "As426.AfFS.Cli", "As426.AfFS.Cli\As426.AfFS.Cli.csproj", "{304341AE-748F-4B3A-BB7A-02EFF59CE6AF}"
EndProject
Global
	GlobalSection(SolutionConfigurationPlatforms) = preSolution
		Debug|Any CPU = Debug|Any CPU
		Release|Any CPU = Release|Any CPU
	EndGlobalSection
	GlobalSection(ProjectConfigurationPlatforms) = postSolution
		{3724FE0C-F1AC-441A-B4A6-8CCAF1D5FF1E}.Debug|Any CPU.ActiveCfg = Debug|Any CPU
		{3724FE0C-F1AC-441A-B4A6-8CCAF1D5FF1E}.Debug|Any CPU.Build.0 = Debug|Any CPU
		{3724FE0C-F1AC-441A-B4A6-8CCAF1D5FF1E}.Release|Any CPU.ActiveCfg = Release|Any CPU
		{3724FE0C-F1AC-441A-B4A6-8CCAF1D5FF1E}.Release|Any CPU.Build.0 = Release|Any CPU
		{E7235277-0E69-4027-8707-EB9A67162F97}.Debug|Any CPU.ActiveCfg = Debug|Any CPU
		{E7235277-0E69-4027-8707-EB9A67162F97}.Debug|Any CPU.Build.0 = Debug|Any CPU
		{E7235277-0E69-4027-8707-EB9A67162F97}.Release|Any CPU.ActiveCfg = Release|Any CPU
		{E7235277-0E69-4027-8707-EB9A67162F97}.Release|Any CPU.Build.0 = Release|Any CPU
		{304341AE-748F-4B3A-BB7A-02EFF59CE6AF}.Debug|Any CPU.ActiveCfg = Debug|Any CPU
		{304341AE-748F-4B3A-BB7A-02EFF59CE6AF}.Debug|Any CPU.Build.0 = Debug|Any CPU
		{304341AE-748F-4B3A-BB7A-02EFF59CE6AF}.Release|Any CPU.ActiveCfg = Release|Any CPU
		{304341AE-748F-4B3A-BB7A-02EFF59CE6AF}.Release|Any CPU.Build.0 = Release|Any CPU
	EndGlobalSection
	GlobalSection(SolutionProperties) = preSolution
		HideSolutionNode = FALSE
	EndGlobalSection
EndGlobal
